
Microsoft Visual Studio Solution File, Format Version 12.00
# Visual Studio Version 17
VisualStudioVersion = 17.8.34322.80
MinimumVisualStudioVersion = 10.0.40219.1
Project("{9A19103F-16F7-4668-BE54-9A1E7A4F7556}") = "FinanceApp", "FinanceApp.csproj", "{A9ADFE2B-2571-46CC-8B00-D67C1AC112DD}"
EndProject
Global
	GlobalSection(SolutionConfigurationPlatforms) = preSolution
		Debug|Any CPU = Debug|Any CPU
		Release|Any CPU = Release|Any CPU
	EndGlobalSection
	GlobalSection(ProjectConfigurationPlatforms) = postSolution
		{A9ADFE2B-2571-46CC-8B00-D67C1AC112DD}.Debug|Any CPU.ActiveCfg = Debug|Any CPU
		{A9ADFE2B-2571-46CC-8B00-D67C1AC112DD}.Debug|Any CPU.Build.0 = Debug|Any CPU
		{A9ADFE2B-2571-46CC-8B00-D67C1AC112DD}.Release|Any CPU.ActiveCfg = Release|Any CPU
		{A9ADFE2B-2571-46CC-8B00-D67C1AC112DD}.Release|Any CPU.Build.0 = Release|Any CPU
	EndGlobalSection
	GlobalSection(SolutionProperties) = preSolution
		HideSolutionNode = FALSE
	EndGlobalSection
	GlobalSection(ExtensibilityGlobals) = postSolution
		SolutionGuid = {050F3396-BB74-4FBE-9EF1-1899667E5B09}
	EndGlobalSection
EndGlobal
